
Microsoft Visual Studio Solution File, Format Version 12.00
# Visual Studio Version 17
VisualStudioVersion = 17.0.31903.59
MinimumVisualStudioVersion = 10.0.40219.1
Project("{FAE04EC0-301F-11D3-BF4B-00C04F79EFBC}") = "BookingSystem", "BookingSystem\BookingSystem.csproj", "{D1A1B2A2-7773-4F97-9626-B45BDF6C0A94}"
EndProject
Project("{FAE04EC0-301F-11D3-BF4B-00C04F79EFBC}") = "BookingSystem.Api", "BookingSystem.Api\BookingSystem.Api.csproj", "{19519C08-82FD-4A6D-AC4D-A50B6C236CA7}"
EndProject
Global
	GlobalSection(SolutionConfigurationPlatforms) = preSolution
		Debug|Any CPU = Debug|Any CPU
		Release|Any CPU = Release|Any CPU
	EndGlobalSection
	GlobalSection(SolutionProperties) = preSolution
		HideSolutionNode = FALSE
	EndGlobalSection
	GlobalSection(ProjectConfigurationPlatforms) = postSolution
		{D1A1B2A2-7773-4F97-9626-B45BDF6C0A94}.Debug|Any CPU.ActiveCfg = Debug|Any CPU
		{D1A1B2A2-7773-4F97-9626-B45BDF6C0A94}.Debug|Any CPU.Build.0 = Debug|Any CPU
		{D1A1B2A2-7773-4F97-9626-B45BDF6C0A94}.Release|Any CPU.ActiveCfg = Release|Any CPU
		{D1A1B2A2-7773-4F97-9626-B45BDF6C0A94}.Release|Any CPU.Build.0 = Release|Any CPU
		{19519C08-82FD-4A6D-AC4D-A50B6C236CA7}.Debug|Any CPU.ActiveCfg = Debug|Any CPU
		{19519C08-82FD-4A6D-AC4D-A50B6C236CA7}.Debug|Any CPU.Build.0 = Debug|Any CPU
		{19519C08-82FD-4A6D-AC4D-A50B6C236CA7}.Release|Any CPU.ActiveCfg = Release|Any CPU
		{19519C08-82FD-4A6D-AC4D-A50B6C236CA7}.Release|Any CPU.Build.0 = Release|Any CPU
	EndGlobalSection
EndGlobal
